<?xml version="1.0" encoding="utf-8"?>
<Project ToolsVersion="4.0" xmlns="http://schemas.microsoft.com/developer/msbuild/2003">
  <ItemGroup>
    <Filter Include="Header Files">
      <UniqueIdentifier>{93995380-89BD-4b04-88EB-625FBE52EBFB}</UniqueIdentifier>
      <Extensions>h;hh;hpp;hxx;hm;inl;inc;xsd</Extensions>
    </Filter>
    <Filter Include="Resource Files">
      <UniqueIdentifier>{67DA6AB6-F800-4c08-8B7A-83BB121AAD01}</UniqueIdentifier>
      <Extensions>rc;ico;cur;bmp;dlg;rc2;rct;bin;rgs;gif;jpg;jpeg;jpe;resx;tiff;tif;png;wav;mfcribbon-ms</Extensions>
    </Filter>
    <Filter Include="Sources">
      <UniqueIdentifier>{bca2c32f-f235-4fb1-afb8-f67ee3fe1276}</UniqueIdentifier>
    </Filter>
    <Filter Include="Headers">
      <UniqueIdentifier>{4e9b20a0-9f13-43f4-bd9c-b992b765a82b}</UniqueIdentifier>
    </Filter>
    <Filter Include="Utils">
      <UniqueIdentifier>{e1ac768f-1113-4159-947a-10cbddd086f1}</UniqueIdentifier>
    </Filter>
  </ItemGroup>
  <ItemGroup>
    <Text Include="ReadMe.txt" />
  </ItemGroup>
  <ItemGroup>
    <ClInclude Include="stdafx.h">
      <Filter>Header Files</Filter>
    </ClInclude>
    <ClInclude Include="targetver.h">
      <Filter>Header Files</Filter>
    </ClInclude>
    <ClInclude Include="..\..\src\Headers\CQJSON.h">
      <Filter>Headers</Filter>
    </ClInclude>
    <ClInclude Include="..\..\src\Headers\CQWtApp.h">
      <Filter>Headers</Filter>
    </ClInclude>
    <ClInclude Include="..\..\src\Headers\CQWtAppView.h">
      <Filter>Headers</Filter>
    </ClInclude>
    <ClInclude Include="..\..\src\Headers\CsvUtil.h">
      <Filter>Headers</Filter>
    </ClInclude>
    <ClInclude Include="..\..\src\Headers\FolderView.h">
      <Filter>Headers</Filter>
    </ClInclude>
    <ClInclude Include="..\..\src\Headers\ResultSetController.h">
      <Filter>Headers</Filter>
    </ClInclude>
    <ClInclude Include="..\..\src\Headers\ResultSetModel.h">
      <Filter>Headers</Filter>
    </ClInclude>
    <ClInclude Include="..\..\src\Headers\ResultSetView.h">
      <Filter>Headers</Filter>
    </ClInclude>
    <ClInclude Include="..\..\src\Headers\WorkSpaceController.h">
      <Filter>Headers</Filter>
    </ClInclude>
    <ClInclude Include="..\..\src\Headers\WorkSpaceModel.h">
      <Filter>Headers</Filter>
    </ClInclude>
    <ClInclude Include="..\..\src\Headers\WorkSpaceView.h">
      <Filter>Headers</Filter>
    </ClInclude>
    <ClInclude Include="..\..\src\Utils\ObserverGoF.h">
      <Filter>Utils</Filter>
    </ClInclude>
    <ClInclude Include="..\..\src\CQJSONdummy.h">
      <Filter>Header Files</Filter>
    </ClInclude>
    <ClInclude Include="..\..\src\Headers\CQJSONdummy.h">
      <Filter>Headers</Filter>
    </ClInclude>
  </ItemGroup>
  <ItemGroup>
    <ClCompile Include="..\..\src\Sources\CQWtApp.cpp">
      <Filter>Sources</Filter>
    </ClCompile>
    <ClCompile Include="..\..\src\Sources\CsvUtil.C">
      <Filter>Sources</Filter>
    </ClCompile>
    <ClCompile Include="..\..\src\Sources\FolderView.C">
      <Filter>Sources</Filter>
    </ClCompile>
    <ClCompile Include="..\..\src\Sources\main.cpp">
      <Filter>Sources</Filter>
    </ClCompile>
    <ClCompile Include="..\..\src\Sources\ResultSetController.cpp">
      <Filter>Sources</Filter>
    </ClCompile>
    <ClCompile Include="..\..\src\Sources\ResultSetModel.cpp">
      <Filter>Sources</Filter>
    </ClCompile>
    <ClCompile Include="..\..\src\Sources\ResultSetView.cpp">
      <Filter>Sources</Filter>
    </ClCompile>
    <ClCompile Include="..\..\src\Sources\TreeViewDragDrop.C">
      <Filter>Sources</Filter>
    </ClCompile>
    <ClCompile Include="..\..\src\Sources\WorkSpaceController.cpp">
      <Filter>Sources</Filter>
    </ClCompile>
    <ClCompile Include="..\..\src\Sources\WorkSpaceModel.cpp">
      <Filter>Sources</Filter>
    </ClCompile>
    <ClCompile Include="..\..\src\Sources\WorkSpaceView.cpp">
      <Filter>Sources</Filter>
    </ClCompile>
    <ClCompile Include="..\..\src\Sources\CQJSON.cpp">
      <Filter>Sources</Filter>
    </ClCompile>
    <ClCompile Include="..\..\src\Utils\ObserverGoF.cpp">
      <Filter>Utils</Filter>
    </ClCompile>
    <ClCompile Include="..\..\src\Sources\CQJSONdummy.cpp">
      <Filter>Sources</Filter>
    </ClCompile>
    <ClCompile Include="..\..\src\Sources\CsvUtil.cpp">
      <Filter>Sources</Filter>
    </ClCompile>
    <ClCompile Include="..\..\src\Sources\FolderView.cpp">
      <Filter>Sources</Filter>
    </ClCompile>
    <ClCompile Include="..\..\src\Sources\TreeViewDragDrop.cpp">
      <Filter>Sources</Filter>
    </ClCompile>
    <ClCompile Include="stdafx.cpp">
      <Filter>Sources</Filter>
    </ClCompile>
  </ItemGroup>
</Project>