
Microsoft Visual Studio Solution File, Format Version 12.00
# Visual Studio 2013
VisualStudioVersion = 12.0.21005.1
MinimumVisualStudioVersion = 10.0.40219.1
Project("{8BC9CEB8-8B4A-11D0-8D11-00A0C91BC942}") = "CQWtClient.vs2013", "CQWtClient.vs2013\CQWtClient.vs2013.vcxproj", "{F5F6F146-C2D3-4CCF-85FD-BEBCFC82F9FC}"
EndProject
Project("{2150E333-8FDC-42A3-9474-1A3956D46DE8}") = ".nuget", ".nuget", "{E6F5D671-457E-4429-B418-EE585D14F98D}"
	ProjectSection(SolutionItems) = preProject
		.nuget\packages.config = .nuget\packages.config
	EndProjectSection
EndProject
Global
	GlobalSection(SolutionConfigurationPlatforms) = preSolution
		Debug|Mixed Platforms = Debug|Mixed Platforms
		Debug|Win32 = Debug|Win32
		Debug|x64 = Debug|x64
		MyDeb|Mixed Platforms = MyDeb|Mixed Platforms
		MyDeb|Win32 = MyDeb|Win32
		MyDeb|x64 = MyDeb|x64
		Release|Mixed Platforms = Release|Mixed Platforms
		Release|Win32 = Release|Win32
		Release|x64 = Release|x64
	EndGlobalSection
	GlobalSection(ProjectConfigurationPlatforms) = postSolution
		{F5F6F146-C2D3-4CCF-85FD-BEBCFC82F9FC}.Debug|Mixed Platforms.ActiveCfg = Debug|Win32
		{F5F6F146-C2D3-4CCF-85FD-BEBCFC82F9FC}.Debug|Mixed Platforms.Build.0 = Debug|Win32
		{F5F6F146-C2D3-4CCF-85FD-BEBCFC82F9FC}.Debug|Win32.ActiveCfg = Debug|Win32
		{F5F6F146-C2D3-4CCF-85FD-BEBCFC82F9FC}.Debug|Win32.Build.0 = Debug|Win32
		{F5F6F146-C2D3-4CCF-85FD-BEBCFC82F9FC}.Debug|x64.ActiveCfg = Debug|x64
		{F5F6F146-C2D3-4CCF-85FD-BEBCFC82F9FC}.Debug|x64.Build.0 = Debug|x64
		{F5F6F146-C2D3-4CCF-85FD-BEBCFC82F9FC}.MyDeb|Mixed Platforms.ActiveCfg = MyDeb|Win32
		{F5F6F146-C2D3-4CCF-85FD-BEBCFC82F9FC}.MyDeb|Mixed Platforms.Build.0 = MyDeb|Win32
		{F5F6F146-C2D3-4CCF-85FD-BEBCFC82F9FC}.MyDeb|Win32.ActiveCfg = MyDeb|Win32
		{F5F6F146-C2D3-4CCF-85FD-BEBCFC82F9FC}.MyDeb|Win32.Build.0 = MyDeb|Win32
		{F5F6F146-C2D3-4CCF-85FD-BEBCFC82F9FC}.MyDeb|x64.ActiveCfg = MyDeb|x64
		{F5F6F146-C2D3-4CCF-85FD-BEBCFC82F9FC}.MyDeb|x64.Build.0 = MyDeb|x64
		{F5F6F146-C2D3-4CCF-85FD-BEBCFC82F9FC}.Release|Mixed Platforms.ActiveCfg = Release|Win32
		{F5F6F146-C2D3-4CCF-85FD-BEBCFC82F9FC}.Release|Mixed Platforms.Build.0 = Release|Win32
		{F5F6F146-C2D3-4CCF-85FD-BEBCFC82F9FC}.Release|Win32.ActiveCfg = Release|Win32
		{F5F6F146-C2D3-4CCF-85FD-BEBCFC82F9FC}.Release|Win32.Build.0 = Release|Win32
		{F5F6F146-C2D3-4CCF-85FD-BEBCFC82F9FC}.Release|x64.ActiveCfg = Release|x64
		{F5F6F146-C2D3-4CCF-85FD-BEBCFC82F9FC}.Release|x64.Build.0 = Release|x64
	EndGlobalSection
	GlobalSection(SolutionProperties) = preSolution
		HideSolutionNode = FALSE
	EndGlobalSection
EndGlobal
